
Microsoft Visual Studio Solution File, Format Version 12.00
# Visual Studio 14
VisualStudioVersion = 14.0.23107.0
MinimumVisualStudioVersion = 10.0.40219.1
Project("{FAE04EC0-301F-11D3-BF4B-00C04F79EFBC}") = "Log4Net", "Log4Net\Log4Net.csproj", "{38257AF9-DAD8-44C6-8FE6-EE4047023A56}"
EndProject
Project("{FAE04EC0-301F-11D3-BF4B-00C04F79EFBC}") = "Nlog", "Nlog\Nlog.csproj", "{343DB8F2-3DC4-4AC9-9C04-A0B4B6EEDC13}"
EndProject
Project("{FAE04EC0-301F-11D3-BF4B-00C04F79EFBC}") = "EnterpriseLibrary", "EnterpriseLibrary\EnterpriseLibrary.csproj", "{808FB437-1EA4-4342-BDC0-82770E15DC5E}"
EndProject
Project("{2150E333-8FDC-42A3-9474-1A3956D46DE8}") = "Solution Items", "Solution Items", "{A659C6E3-319A-4981-8D9F-ACEB4E2B70BF}"
	ProjectSection(SolutionItems) = preProject
		ReadMe.txt = ReadMe.txt
	EndProjectSection
EndProject
Global
	GlobalSection(SolutionConfigurationPlatforms) = preSolution
		Debug|Any CPU = Debug|Any CPU
		Release|Any CPU = Release|Any CPU
	EndGlobalSection
	GlobalSection(ProjectConfigurationPlatforms) = postSolution
		{38257AF9-DAD8-44C6-8FE6-EE4047023A56}.Debug|Any CPU.ActiveCfg = Debug|Any CPU
		{38257AF9-DAD8-44C6-8FE6-EE4047023A56}.Debug|Any CPU.Build.0 = Debug|Any CPU
		{38257AF9-DAD8-44C6-8FE6-EE4047023A56}.Release|Any CPU.ActiveCfg = Release|Any CPU
		{38257AF9-DAD8-44C6-8FE6-EE4047023A56}.Release|Any CPU.Build.0 = Release|Any CPU
		{343DB8F2-3DC4-4AC9-9C04-A0B4B6EEDC13}.Debug|Any CPU.ActiveCfg = Debug|Any CPU
		{343DB8F2-3DC4-4AC9-9C04-A0B4B6EEDC13}.Debug|Any CPU.Build.0 = Debug|Any CPU
		{343DB8F2-3DC4-4AC9-9C04-A0B4B6EEDC13}.Release|Any CPU.ActiveCfg = Release|Any CPU
		{343DB8F2-3DC4-4AC9-9C04-A0B4B6EEDC13}.Release|Any CPU.Build.0 = Release|Any CPU
		{808FB437-1EA4-4342-BDC0-82770E15DC5E}.Debug|Any CPU.ActiveCfg = Debug|Any CPU
		{808FB437-1EA4-4342-BDC0-82770E15DC5E}.Debug|Any CPU.Build.0 = Debug|Any CPU
		{808FB437-1EA4-4342-BDC0-82770E15DC5E}.Release|Any CPU.ActiveCfg = Release|Any CPU
		{808FB437-1EA4-4342-BDC0-82770E15DC5E}.Release|Any CPU.Build.0 = Release|Any CPU
	EndGlobalSection
	GlobalSection(SolutionProperties) = preSolution
		HideSolutionNode = FALSE
	EndGlobalSection
EndGlobal
